
Microsoft Visual Studio Solution File, Format Version 12.00
# Visual Studio 15
VisualStudioVersion = 15.0.27130.2010
MinimumVisualStudioVersion = 10.0.40219.1
Project("{FAE04EC0-301F-11D3-BF4B-00C04F79EFBC}") = "eApp.Web.Client", "eApp.Web.Client\eApp.Web.Client.csproj", "{8524B046-17CB-4848-A928-3ED3C77FF6D7}"
EndProject
Project("{FAE04EC0-301F-11D3-BF4B-00C04F79EFBC}") = "eApp.Web.Admin", "eApp.Web.Admin\eApp.Web.Admin.csproj", "{14FEBB8A-1BB2-47D6-963F-C4C2B725706C}"
EndProject
Project("{2150E333-8FDC-42A3-9474-1A3956D46DE8}") = "App.Web", "App.Web", "{BE45894C-5EF2-4AD1-A833-9FB14FD88067}"
EndProject
Project("{2150E333-8FDC-42A3-9474-1A3956D46DE8}") = "App.Win", "App.Win", "{3B021DCC-D451-483B-A167-DEBC23EE6C29}"
EndProject
Project("{FAE04EC0-301F-11D3-BF4B-00C04F79EFBC}") = "eApp.Win.PO", "eApp.Win.PO\eApp.Win.PO.csproj", "{CE068FC7-1987-45A9-8F84-C59525F89F39}"
EndProject
Project("{2150E333-8FDC-42A3-9474-1A3956D46DE8}") = "App.Lib", "App.Lib", "{77EDBCF0-208F-464F-9EBD-DE3C34086337}"
EndProject
Project("{FAE04EC0-301F-11D3-BF4B-00C04F79EFBC}") = "eDNB.POBL", "eDNB.POBL\eDNB.POBL.csproj", "{CFDBC37E-A852-4A34-BAA5-0D37ED3DE466}"
EndProject
Project("{FAE04EC0-301F-11D3-BF4B-00C04F79EFBC}") = "Core.Common", "Core.Common\Core.Common.csproj", "{2E443E65-5247-49FD-917B-A25C8355F287}"
EndProject
Project("{FAE04EC0-301F-11D3-BF4B-00C04F79EFBC}") = "eApp.Win.Rank", "eApp.Win.Rank\eApp.Win.Rank.csproj", "{160C2398-2FBD-47E4-AB0E-ABA454876ADE}"
EndProject
Project("{FAE04EC0-301F-11D3-BF4B-00C04F79EFBC}") = "eApp.Win.RankPro", "eApp.Win.RankPro\eApp.Win.RankPro.csproj", "{971BA546-D76D-49D0-B75F-67B1F5AADD8E}"
EndProject
Project("{2150E333-8FDC-42A3-9474-1A3956D46DE8}") = "App.Temp", "App.Temp", "{7996DBAF-71C4-4FF1-A4DF-121F2767B6EC}"
EndProject
Project("{FAE04EC0-301F-11D3-BF4B-00C04F79EFBC}") = "eDNB.Main", "eDNB.Main\eDNB.Main.csproj", "{EDD75D5C-9391-4847-8D6B-0C9AC10D3F04}"
EndProject
Project("{2150E333-8FDC-42A3-9474-1A3956D46DE8}") = "App.Test", "App.Test", "{F9FF0652-DE87-4374-8EDB-A53EE650D134}"
EndProject
Project("{FAE04EC0-301F-11D3-BF4B-00C04F79EFBC}") = "App.Web.Client.Test", "App.Web.Client.Test\App.Web.Client.Test.csproj", "{D5162DA2-89DA-4368-8FF9-CCB6B7D3D288}"
EndProject
Project("{FAE04EC0-301F-11D3-BF4B-00C04F79EFBC}") = "eApp.Win.ConPO", "eApp.Win.ConPO\eApp.Win.ConPO.csproj", "{30C9DD73-AFC7-432B-ADA9-EC78F09E9AB1}"
EndProject
Project("{FAE04EC0-301F-11D3-BF4B-00C04F79EFBC}") = "eApp.Win.ConPOClient", "eApp.Win.ConPOClient\eApp.Win.ConPOClient.csproj", "{69D9D8DE-5462-4EDB-9D40-DD734EE036E5}"
EndProject
Project("{FAE04EC0-301F-11D3-BF4B-00C04F79EFBC}") = "eApp.Win.Mobile", "eApp.Win.Mobile\eApp.Win.Mobile.csproj", "{51778631-7829-45FC-A08E-0AFB1BBAF9C5}"
EndProject
Project("{FAE04EC0-301F-11D3-BF4B-00C04F79EFBC}") = "eApp.Web.CP", "eApp.Web.CP\eApp.Web.CP.csproj", "{2B2ABD8E-84C9-4652-B3F1-81E3ACF8C0D5}"
EndProject
Global
	GlobalSection(SolutionConfigurationPlatforms) = preSolution
		Debug|Any CPU = Debug|Any CPU
		Release|Any CPU = Release|Any CPU
	EndGlobalSection
	GlobalSection(ProjectConfigurationPlatforms) = postSolution
		{8524B046-17CB-4848-A928-3ED3C77FF6D7}.Debug|Any CPU.ActiveCfg = Debug|Any CPU
		{8524B046-17CB-4848-A928-3ED3C77FF6D7}.Debug|Any CPU.Build.0 = Debug|Any CPU
		{8524B046-17CB-4848-A928-3ED3C77FF6D7}.Release|Any CPU.ActiveCfg = Release|Any CPU
		{8524B046-17CB-4848-A928-3ED3C77FF6D7}.Release|Any CPU.Build.0 = Release|Any CPU
		{14FEBB8A-1BB2-47D6-963F-C4C2B725706C}.Debug|Any CPU.ActiveCfg = Debug|Any CPU
		{14FEBB8A-1BB2-47D6-963F-C4C2B725706C}.Debug|Any CPU.Build.0 = Debug|Any CPU
		{14FEBB8A-1BB2-47D6-963F-C4C2B725706C}.Release|Any CPU.ActiveCfg = Release|Any CPU
		{14FEBB8A-1BB2-47D6-963F-C4C2B725706C}.Release|Any CPU.Build.0 = Release|Any CPU
		{CE068FC7-1987-45A9-8F84-C59525F89F39}.Debug|Any CPU.ActiveCfg = Debug|Any CPU
		{CE068FC7-1987-45A9-8F84-C59525F89F39}.Debug|Any CPU.Build.0 = Debug|Any CPU
		{CE068FC7-1987-45A9-8F84-C59525F89F39}.Release|Any CPU.ActiveCfg = Release|Any CPU
		{CE068FC7-1987-45A9-8F84-C59525F89F39}.Release|Any CPU.Build.0 = Release|Any CPU
		{CFDBC37E-A852-4A34-BAA5-0D37ED3DE466}.Debug|Any CPU.ActiveCfg = Debug|Any CPU
		{CFDBC37E-A852-4A34-BAA5-0D37ED3DE466}.Debug|Any CPU.Build.0 = Debug|Any CPU
		{CFDBC37E-A852-4A34-BAA5-0D37ED3DE466}.Release|Any CPU.ActiveCfg = Release|Any CPU
		{CFDBC37E-A852-4A34-BAA5-0D37ED3DE466}.Release|Any CPU.Build.0 = Release|Any CPU
		{2E443E65-5247-49FD-917B-A25C8355F287}.Debug|Any CPU.ActiveCfg = Debug|Any CPU
		{2E443E65-5247-49FD-917B-A25C8355F287}.Debug|Any CPU.Build.0 = Debug|Any CPU
		{2E443E65-5247-49FD-917B-A25C8355F287}.Release|Any CPU.ActiveCfg = Release|Any CPU
		{2E443E65-5247-49FD-917B-A25C8355F287}.Release|Any CPU.Build.0 = Release|Any CPU
		{160C2398-2FBD-47E4-AB0E-ABA454876ADE}.Debug|Any CPU.ActiveCfg = Debug|Any CPU
		{160C2398-2FBD-47E4-AB0E-ABA454876ADE}.Debug|Any CPU.Build.0 = Debug|Any CPU
		{160C2398-2FBD-47E4-AB0E-ABA454876ADE}.Release|Any CPU.ActiveCfg = Release|Any CPU
		{160C2398-2FBD-47E4-AB0E-ABA454876ADE}.Release|Any CPU.Build.0 = Release|Any CPU
		{971BA546-D76D-49D0-B75F-67B1F5AADD8E}.Debug|Any CPU.ActiveCfg = Debug|Any CPU
		{971BA546-D76D-49D0-B75F-67B1F5AADD8E}.Debug|Any CPU.Build.0 = Debug|Any CPU
		{971BA546-D76D-49D0-B75F-67B1F5AADD8E}.Release|Any CPU.ActiveCfg = Release|Any CPU
		{971BA546-D76D-49D0-B75F-67B1F5AADD8E}.Release|Any CPU.Build.0 = Release|Any CPU
		{EDD75D5C-9391-4847-8D6B-0C9AC10D3F04}.Debug|Any CPU.ActiveCfg = Debug|Any CPU
		{EDD75D5C-9391-4847-8D6B-0C9AC10D3F04}.Debug|Any CPU.Build.0 = Debug|Any CPU
		{EDD75D5C-9391-4847-8D6B-0C9AC10D3F04}.Release|Any CPU.ActiveCfg = Release|Any CPU
		{EDD75D5C-9391-4847-8D6B-0C9AC10D3F04}.Release|Any CPU.Build.0 = Release|Any CPU
		{D5162DA2-89DA-4368-8FF9-CCB6B7D3D288}.Debug|Any CPU.ActiveCfg = Debug|Any CPU
		{D5162DA2-89DA-4368-8FF9-CCB6B7D3D288}.Debug|Any CPU.Build.0 = Debug|Any CPU
		{D5162DA2-89DA-4368-8FF9-CCB6B7D3D288}.Release|Any CPU.ActiveCfg = Release|Any CPU
		{D5162DA2-89DA-4368-8FF9-CCB6B7D3D288}.Release|Any CPU.Build.0 = Release|Any CPU
		{30C9DD73-AFC7-432B-ADA9-EC78F09E9AB1}.Debug|Any CPU.ActiveCfg = Debug|Any CPU
		{30C9DD73-AFC7-432B-ADA9-EC78F09E9AB1}.Debug|Any CPU.Build.0 = Debug|Any CPU
		{30C9DD73-AFC7-432B-ADA9-EC78F09E9AB1}.Release|Any CPU.ActiveCfg = Release|Any CPU
		{30C9DD73-AFC7-432B-ADA9-EC78F09E9AB1}.Release|Any CPU.Build.0 = Release|Any CPU
		{69D9D8DE-5462-4EDB-9D40-DD734EE036E5}.Debug|Any CPU.ActiveCfg = Debug|Any CPU
		{69D9D8DE-5462-4EDB-9D40-DD734EE036E5}.Debug|Any CPU.Build.0 = Debug|Any CPU
		{69D9D8DE-5462-4EDB-9D40-DD734EE036E5}.Release|Any CPU.ActiveCfg = Release|Any CPU
		{69D9D8DE-5462-4EDB-9D40-DD734EE036E5}.Release|Any CPU.Build.0 = Release|Any CPU
		{51778631-7829-45FC-A08E-0AFB1BBAF9C5}.Debug|Any CPU.ActiveCfg = Debug|Any CPU
		{51778631-7829-45FC-A08E-0AFB1BBAF9C5}.Debug|Any CPU.Build.0 = Debug|Any CPU
		{51778631-7829-45FC-A08E-0AFB1BBAF9C5}.Release|Any CPU.ActiveCfg = Release|Any CPU
		{51778631-7829-45FC-A08E-0AFB1BBAF9C5}.Release|Any CPU.Build.0 = Release|Any CPU
		{2B2ABD8E-84C9-4652-B3F1-81E3ACF8C0D5}.Debug|Any CPU.ActiveCfg = Debug|Any CPU
		{2B2ABD8E-84C9-4652-B3F1-81E3ACF8C0D5}.Debug|Any CPU.Build.0 = Debug|Any CPU
		{2B2ABD8E-84C9-4652-B3F1-81E3ACF8C0D5}.Release|Any CPU.ActiveCfg = Release|Any CPU
		{2B2ABD8E-84C9-4652-B3F1-81E3ACF8C0D5}.Release|Any CPU.Build.0 = Release|Any CPU
	EndGlobalSection
	GlobalSection(SolutionProperties) = preSolution
		HideSolutionNode = FALSE
	EndGlobalSection
	GlobalSection(NestedProjects) = preSolution
		{8524B046-17CB-4848-A928-3ED3C77FF6D7} = {BE45894C-5EF2-4AD1-A833-9FB14FD88067}
		{14FEBB8A-1BB2-47D6-963F-C4C2B725706C} = {BE45894C-5EF2-4AD1-A833-9FB14FD88067}
		{CE068FC7-1987-45A9-8F84-C59525F89F39} = {3B021DCC-D451-483B-A167-DEBC23EE6C29}
		{CFDBC37E-A852-4A34-BAA5-0D37ED3DE466} = {77EDBCF0-208F-464F-9EBD-DE3C34086337}
		{2E443E65-5247-49FD-917B-A25C8355F287} = {77EDBCF0-208F-464F-9EBD-DE3C34086337}
		{160C2398-2FBD-47E4-AB0E-ABA454876ADE} = {3B021DCC-D451-483B-A167-DEBC23EE6C29}
		{971BA546-D76D-49D0-B75F-67B1F5AADD8E} = {3B021DCC-D451-483B-A167-DEBC23EE6C29}
		{EDD75D5C-9391-4847-8D6B-0C9AC10D3F04} = {7996DBAF-71C4-4FF1-A4DF-121F2767B6EC}
		{D5162DA2-89DA-4368-8FF9-CCB6B7D3D288} = {F9FF0652-DE87-4374-8EDB-A53EE650D134}
		{30C9DD73-AFC7-432B-ADA9-EC78F09E9AB1} = {3B021DCC-D451-483B-A167-DEBC23EE6C29}
		{69D9D8DE-5462-4EDB-9D40-DD734EE036E5} = {3B021DCC-D451-483B-A167-DEBC23EE6C29}
		{51778631-7829-45FC-A08E-0AFB1BBAF9C5} = {3B021DCC-D451-483B-A167-DEBC23EE6C29}
		{2B2ABD8E-84C9-4652-B3F1-81E3ACF8C0D5} = {BE45894C-5EF2-4AD1-A833-9FB14FD88067}
	EndGlobalSection
	GlobalSection(ExtensibilityGlobals) = postSolution
		SolutionGuid = {45D703BB-3338-4DA1-B7CB-EF1F288EA8DA}
	EndGlobalSection
EndGlobal
